// !$*UTF8*$!
{
	archiveVersion = 1;
	classes = {
	};
	objectVersion = 46;
	objects = {

/* Begin PBXBuildFile section */
		8CDA08D51AF3541E005D90D6 /* AppDelegate.swift in Sources */ = {isa = PBXBuildFile; fileRef = 8CDA08D41AF3541E005D90D6 /* AppDelegate.swift */; };
		8CDA08D71AF3541E005D90D6 /* ViewController.swift in Sources */ = {isa = PBXBuildFile; fileRef = 8CDA08D61AF3541E005D90D6 /* ViewController.swift */; };
		8CDA08DA1AF3541E005D90D6 /* Main.storyboard in Resources */ = {isa = PBXBuildFile; fileRef = 8CDA08D81AF3541E005D90D6 /* Main.storyboard */; };
		8CDA08DC1AF3541E005D90D6 /* Images.xcassets in Resources */ = {isa = PBXBuildFile; fileRef = 8CDA08DB1AF3541E005D90D6 /* Images.xcassets */; };
		8CDA08DF1AF3541E005D90D6 /* LaunchScreen.xib in Resources */ = {isa = PBXBuildFile; fileRef = 8CDA08DD1AF3541E005D90D6 /* LaunchScreen.xib */; };
		8CDA08EB1AF3541E005D90D6 /* SwiftSearchMapTests.swift in Sources */ = {isa = PBXBuildFile; fileRef = 8CDA08EA1AF3541E005D90D6 /* SwiftSearchMapTests.swift */; };
		8CDA08F51AF3554C005D90D6 /* MapKit.framework in Frameworks */ = {isa = PBXBuildFile; fileRef = 8CDA08F41AF3554C005D90D6 /* MapKit.framework */; };
		8CDA08F71AF35EF0005D90D6 /* MyAnnotation.swift in Sources */ = {isa = PBXBuildFile; fileRef = 8CDA08F61AF35EF0005D90D6 /* MyAnnotation.swift */; };
/* End PBXBuildFile section */

/* Begin PBXContainerItemProxy section */
		8CDA08E51AF3541E005D90D6 /* PBXContainerItemProxy */ = {
			isa = PBXContainerItemProxy;
			containerPortal = 8CDA08C71AF3541E005D90D6 /* Project object */;
			proxyType = 1;
			remoteGlobalIDString = 8CDA08CE1AF3541E005D90D6;
			remoteInfo = SwiftSearchMap;
		};
/* End PBXContainerItemProxy section */

/* Begin PBXFileReference section */
		8CDA08CF1AF3541E005D90D6 /* SwiftSearchMap.app */ = {isa = PBXFileReference; explicitFileType = wrapper.application; includeInIndex = 0; path = SwiftSearchMap.app; sourceTree = BUILT_PRODUCTS_DIR; };
		8CDA08D31AF3541E005D90D6 /* Info.plist */ = {isa = PBXFileReference; lastKnownFileType = text.plist.xml; path = Info.plist; sourceTree = "<group>"; };
		8CDA08D41AF3541E005D90D6 /* AppDelegate.swift */ = {isa = PBXFileReference; lastKnownFileType = sourcecode.swift; path = AppDelegate.swift; sourceTree = "<group>"; };
		8CDA08D61AF3541E005D90D6 /* ViewController.swift */ = {isa = PBXFileReference; lastKnownFileType = sourcecode.swift; path = ViewController.swift; sourceTree = "<group>"; };
		8CDA08D91AF3541E005D90D6 /* Base */ = {isa = PBXFileReference; lastKnownFileType = file.storyboard; name = Base; path = Base.lproj/Main.storyboard; sourceTree = "<group>"; };
		8CDA08DB1AF3541E005D90D6 /* Images.xcassets */ = {isa = PBXFileReference; lastKnownFileType = folder.assetcatalog; path = Images.xcassets; sourceTree = "<group>"; };
		8CDA08DE1AF3541E005D90D6 /* Base */ = {isa = PBXFileReference; lastKnownFileType = file.xib; name = Base; path = Base.lproj/LaunchScreen.xib; sourceTree = "<group>"; };
		8CDA08E41AF3541E005D90D6 /* SwiftSearchMapTests.xctest */ = {isa = PBXFileReference; explicitFileType = wrapper.cfbundle; includeInIndex = 0; path = SwiftSearchMapTests.xctest; sourceTree = BUILT_PRODUCTS_DIR; };
		8CDA08E91AF3541E005D90D6 /* Info.plist */ = {isa = PBXFileReference; lastKnownFileType = text.plist.xml; path = Info.plist; sourceTree = "<group>"; };
		8CDA08EA1AF3541E005D90D6 /* SwiftSearchMapTests.swift */ = {isa = PBXFileReference; lastKnownFileType = sourcecode.swift; path = SwiftSearchMapTests.swift; sourceTree = "<group>"; };
		8CDA08F41AF3554C005D90D6 /* MapKit.framework */ = {isa = PBXFileReference; lastKnownFileType = wrapper.framework; name = MapKit.framework; path = System/Library/Frameworks/MapKit.framework; sourceTree = SDKROOT; };
		8CDA08F61AF35EF0005D90D6 /* MyAnnotation.swift */ = {isa = PBXFileReference; fileEncoding = 4; lastKnownFileType = sourcecode.swift; path = MyAnnotation.swift; sourceTree = "<group>"; };
/* End PBXFileReference section */

/* Begin PBXFrameworksBuildPhase section */
		8CDA08CC1AF3541E005D90D6 /* Frameworks */ = {
			isa = PBXFrameworksBuildPhase;
			buildActionMask = 2147483647;
			files = (
				8CDA08F51AF3554C005D90D6 /* MapKit.framework in Frameworks */,
			);
			runOnlyForDeploymentPostprocessing = 0;
		};
		8CDA08E11AF3541E005D90D6 /* Frameworks */ = {
			isa = PBXFrameworksBuildPhase;
			buildActionMask = 2147483647;
			files = (
			);
			runOnlyForDeploymentPostprocessing = 0;
		};
/* End PBXFrameworksBuildPhase section */

/* Begin PBXGroup section */
		8CDA08C61AF3541E005D90D6 = {
			isa = PBXGroup;
			children = (
				8CDA08F41AF3554C005D90D6 /* MapKit.framework */,
				8CDA08D11AF3541E005D90D6 /* SwiftSearchMap */,
				8CDA08E71AF3541E005D90D6 /* SwiftSearchMapTests */,
				8CDA08D01AF3541E005D90D6 /* Products */,
			);
			sourceTree = "<group>";
		};
		8CDA08D01AF3541E005D90D6 /* Products */ = {
			isa = PBXGroup;
			children = (
				8CDA08CF1AF3541E005D90D6 /* SwiftSearchMap.app */,
				8CDA08E41AF3541E005D90D6 /* SwiftSearchMapTests.xctest */,
			);
			name = Products;
			sourceTree = "<group>";
		};
		8CDA08D11AF3541E005D90D6 /* SwiftSearchMap */ = {
			isa = PBXGroup;
			children = (
				8CDA08D41AF3541E005D90D6 /* AppDelegate.swift */,
				8CDA08D61AF3541E005D90D6 /* ViewController.swift */,
				8CDA08D81AF3541E005D90D6 /* Main.storyboard */,
				8CDA08F61AF35EF0005D90D6 /* MyAnnotation.swift */,
				8CDA08DB1AF3541E005D90D6 /* Images.xcassets */,
				8CDA08DD1AF3541E005D90D6 /* LaunchScreen.xib */,
				8CDA08D21AF3541E005D90D6 /* Supporting Files */,
			);
			path = SwiftSearchMap;
			sourceTree = "<group>";
		};
		8CDA08D21AF3541E005D90D6 /* Supporting Files */ = {
			isa = PBXGroup;
			children = (
				8CDA08D31AF3541E005D90D6 /* Info.plist */,
			);
			name = "Supporting Files";
			sourceTree = "<group>";
		};
		8CDA08E71AF3541E005D90D6 /* SwiftSearchMapTests */ = {
			isa = PBXGroup;
			children = (
				8CDA08EA1AF3541E005D90D6 /* SwiftSearchMapTests.swift */,
				8CDA08E81AF3541E005D90D6 /* Supporting Files */,
			);
			path = SwiftSearchMapTests;
			sourceTree = "<group>";
		};
		8CDA08E81AF3541E005D90D6 /* Supporting Files */ = {
			isa = PBXGroup;
			children = (
				8CDA08E91AF3541E005D90D6 /* Info.plist */,
			);
			name = "Supporting Files";
			sourceTree = "<group>";
		};
/* End PBXGroup section */

/* Begin PBXNativeTarget section */
		8CDA08CE1AF3541E005D90D6 /* SwiftSearchMap */ = {
			isa = PBXNativeTarget;
			buildConfigurationList = 8CDA08EE1AF3541E005D90D6 /* Build configuration list for PBXNativeTarget "SwiftSearchMap" */;
			buildPhases = (
				8CDA08CB1AF3541E005D90D6 /* Sources */,
				8CDA08CC1AF3541E005D90D6 /* Frameworks */,
				8CDA08CD1AF3541E005D90D6 /* Resources */,
			);
			buildRules = (
			);
			dependencies = (
			);
			name = SwiftSearchMap;
			productName = SwiftSearchMap;
			productReference = 8CDA08CF1AF3541E005D90D6 /* SwiftSearchMap.app */;
			productType = "com.apple.product-type.application";
		};
		8CDA08E31AF3541E005D90D6 /* SwiftSearchMapTests */ = {
			isa = PBXNativeTarget;
			buildConfigurationList = 8CDA08F11AF3541E005D90D6 /* Build configuration list for PBXNativeTarget "SwiftSearchMapTests" */;
			buildPhases = (
				8CDA08E01AF3541E005D90D6 /* Sources */,
				8CDA08E11AF3541E005D90D6 /* Frameworks */,
				8CDA08E21AF3541E005D90D6 /* Resources */,
			);
			buildRules = (
			);
			dependencies = (
				8CDA08E61AF3541E005D90D6 /* PBXTargetDependency */,
			);
			name = SwiftSearchMapTests;
			productName = SwiftSearchMapTests;
			productReference = 8CDA08E41AF3541E005D90D6 /* SwiftSearchMapTests.xctest */;
			productType = "com.apple.product-type.bundle.unit-test";
		};
/* End PBXNativeTarget section */

/* Begin PBXProject section */
		8CDA08C71AF3541E005D90D6 /* Project object */ = {
			isa = PBXProject;
			attributes = {
				LastUpgradeCheck = 0630;
				ORGANIZATIONNAME = "Evan Wineland";
				TargetAttributes = {
					8CDA08CE1AF3541E005D90D6 = {
						CreatedOnToolsVersion = 6.3.1;
						SystemCapabilities = {
							com.apple.Maps.iOS = {
								enabled = 1;
							};
						};
					};
					8CDA08E31AF3541E005D90D6 = {
						CreatedOnToolsVersion = 6.3.1;
						TestTargetID = 8CDA08CE1AF3541E005D90D6;
					};
				};
			};
			buildConfigurationList = 8CDA08CA1AF3541E005D90D6 /* Build configuration list for PBXProject "SwiftSearchMap" */;
			compatibilityVersion = "Xcode 3.2";
			developmentRegion = English;
			hasScannedForEncodings = 0;
			knownRegions = (
				en,
				Base,
			);
			mainGroup = 8CDA08C61AF3541E005D90D6;
			productRefGroup = 8CDA08D01AF3541E005D90D6 /* Products */;
			projectDirPath = "";
			projectRoot = "";
			targets = (
				8CDA08CE1AF3541E005D90D6 /* SwiftSearchMap */,
				8CDA08E31AF3541E005D90D6 /* SwiftSearchMapTests */,
			);
		};
/* End PBXProject section */

/* Begin PBXResourcesBuildPhase section */
		8CDA08CD1AF3541E005D90D6 /* Resources */ = {
			isa = PBXResourcesBuildPhase;
			buildActionMask = 2147483647;
			files = (
				8CDA08DA1AF3541E005D90D6 /* Main.storyboard in Resources */,
				8CDA08DF1AF3541E005D90D6 /* LaunchScreen.xib in Resources */,
				8CDA08DC1AF3541E005D90D6 /* Images.xcassets in Resources */,
			);
			runOnlyForDeploymentPostprocessing = 0;
		};
		8CDA08E21AF3541E005D90D6 /* Resources */ = {
			isa = PBXResourcesBuildPhase;
			buildActionMask = 2147483647;
			files = (
			);
			runOnlyForDeploymentPostprocessing = 0;
		};
/* End PBXResourcesBuildPhase section */

/* Begin PBXSourcesBuildPhase section */
		8CDA08CB1AF3541E005D90D6 /* Sources */ = {
			isa = PBXSourcesBuildPhase;
			buildActionMask = 2147483647;
			files = (
				8CDA08D71AF3541E005D90D6 /* ViewController.swift in Sources */,
				8CDA08D51AF3541E005D90D6 /* AppDelegate.swift in Sources */,
				8CDA08F71AF35EF0005D90D6 /* MyAnnotation.swift in Sources */,
			);
			runOnlyForDeploymentPostprocessing = 0;
		};
		8CDA08E01AF3541E005D90D6 /* Sources */ = {
			isa = PBXSourcesBuildPhase;
			buildActionMask = 2147483647;
			files = (
				8CDA08EB1AF3541E005D90D6 /* SwiftSearchMapTests.swift in Sources */,
			);
			runOnlyForDeploymentPostprocessing = 0;
		};
/* End PBXSourcesBuildPhase section */

/* Begin PBXTargetDependency section */
		8CDA08E61AF3541E005D90D6 /* PBXTargetDependency */ = {
			isa = PBXTargetDependency;
			target = 8CDA08CE1AF3541E005D90D6 /* SwiftSearchMap */;
			targetProxy = 8CDA08E51AF3541E005D90D6 /* PBXContainerItemProxy */;
		};
/* End PBXTargetDependency section */

/* Begin PBXVariantGroup section */
		8CDA08D81AF3541E005D90D6 /* Main.storyboard */ = {
			isa = PBXVariantGroup;
			children = (
				8CDA08D91AF3541E005D90D6 /* Base */,
			);
			name = Main.storyboard;
			sourceTree = "<group>";
		};
		8CDA08DD1AF3541E005D90D6 /* LaunchScreen.xib */ = {
			isa = PBXVariantGroup;
			children = (
				8CDA08DE1AF3541E005D90D6 /* Base */,
			);
			name = LaunchScreen.xib;
			sourceTree = "<group>";
		};
/* End PBXVariantGroup section */

/* Begin XCBuildConfiguration section */
		8CDA08EC1AF3541E005D90D6 /* Debug */ = {
			isa = XCBuildConfiguration;
			buildSettings = {
				ALWAYS_SEARCH_USER_PATHS = NO;
				CLANG_CXX_LANGUAGE_STANDARD = "gnu++0x";
				CLANG_CXX_LIBRARY = "libc++";
				CLANG_ENABLE_MODULES = YES;
				CLANG_ENABLE_OBJC_ARC = YES;
				CLANG_WARN_BOOL_CONVERSION = YES;
				CLANG_WARN_CONSTANT_CONVERSION = YES;
				CLANG_WARN_DIRECT_OBJC_ISA_USAGE = YES_ERROR;
				CLANG_WARN_EMPTY_BODY = YES;
				CLANG_WARN_ENUM_CONVERSION = YES;
				CLANG_WARN_INT_CONVERSION = YES;
				CLANG_WARN_OBJC_ROOT_CLASS = YES_ERROR;
				CLANG_WARN_UNREACHABLE_CODE = YES;
				CLANG_WARN__DUPLICATE_METHOD_MATCH = YES;
				"CODE_SIGN_IDENTITY[sdk=iphoneos*]" = "iPhone Developer";
				COPY_PHASE_STRIP = NO;
				DEBUG_INFORMATION_FORMAT = "dwarf-with-dsym";
				ENABLE_STRICT_OBJC_MSGSEND = YES;
				GCC_C_LANGUAGE_STANDARD = gnu99;
				GCC_DYNAMIC_NO_PIC = NO;
				GCC_NO_COMMON_BLOCKS = YES;
				GCC_OPTIMIZATION_LEVEL = 0;
				GCC_PREPROCESSOR_DEFINITIONS = (
					"DEBUG=1",
					"$(inherited)",
				);
				GCC_SYMBOLS_PRIVATE_EXTERN = NO;
				GCC_WARN_64_TO_32_BIT_CONVERSION = YES;
				GCC_WARN_ABOUT_RETURN_TYPE = YES_ERROR;
				GCC_WARN_UNDECLARED_SELECTOR = YES;
				GCC_WARN_UNINITIALIZED_AUTOS = YES_AGGRESSIVE;
				GCC_WARN_UNUSED_FUNCTION = YES;
				GCC_WARN_UNUSED_VARIABLE = YES;
				IPHONEOS_DEPLOYMENT_TARGET = 8.3;
				MTL_ENABLE_DEBUG_INFO = YES;
				ONLY_ACTIVE_ARCH = YES;
				SDKROOT = iphoneos;
				SWIFT_OPTIMIZATION_LEVEL = "-Onone";
			};
			name = Debug;
		};
		8CDA08ED1AF3541E005D90D6 /* Release */ = {
			isa = XCBuildConfiguration;
			buildSettings = {
				ALWAYS_SEARCH_USER_PATHS = NO;
				CLANG_CXX_LANGUAGE_STANDARD = "gnu++0x";
				CLANG_CXX_LIBRARY = "libc++";
				CLANG_ENABLE_MODULES = YES;
				CLANG_ENABLE_OBJC_ARC = YES;
				CLANG_WARN_BOOL_CONVERSION = YES;
				CLANG_WARN_CONSTANT_CONVERSION = YES;
				CLANG_WARN_DIRECT_OBJC_ISA_USAGE = YES_ERROR;
				CLANG_WARN_EMPTY_BODY = YES;
				CLANG_WARN_ENUM_CONVERSION = YES;
				CLANG_WARN_INT_CONVERSION = YES;
				CLANG_WARN_OBJC_ROOT_CLASS = YES_ERROR;
				CLANG_WARN_UNREACHABLE_CODE = YES;
				CLANG_WARN__DUPLICATE_METHOD_MATCH = YES;
				"CODE_SIGN_IDENTITY[sdk=iphoneos*]" = "iPhone Developer";
				COPY_PHASE_STRIP = NO;
				DEBUG_INFORMATION_FORMAT = "dwarf-with-dsym";
				ENABLE_NS_ASSERTIONS = NO;
				ENABLE_STRICT_OBJC_MSGSEND = YES;
				GCC_C_LANGUAGE_STANDARD = gnu99;
				GCC_NO_COMMON_BLOCKS = YES;
				GCC_WARN_64_TO_32_BIT_CONVERSION = YES;
				GCC_WARN_ABOUT_RETURN_TYPE = YES_ERROR;
				GCC_WARN_UNDECLARED_SELECTOR = YES;
				GCC_WARN_UNINITIALIZED_AUTOS = YES_AGGRESSIVE;
				GCC_WARN_UNUSED_FUNCTION = YES;
				GCC_WARN_UNUSED_VARIABLE = YES;
				IPHONEOS_DEPLOYMENT_TARGET = 8.3;
				MTL_ENABLE_DEBUG_INFO = NO;
				SDKROOT = iphoneos;
				VALIDATE_PRODUCT = YES;
			};
			name = Release;
		};
		8CDA08EF1AF3541E005D90D6 /* Debug */ = {
			isa = XCBuildConfiguration;
			buildSettings = {
				ASSETCATALOG_COMPILER_APPICON_NAME = AppIcon;
				INFOPLIST_FILE = SwiftSearchMap/Info.plist;
				LD_RUNPATH_SEARCH_PATHS = "$(inherited) @executable_path/Frameworks";
				PRODUCT_NAME = "$(TARGET_NAME)";
			};
			name = Debug;
		};
		8CDA08F01AF3541E005D90D6 /* Release */ = {
			isa = XCBuildConfiguration;
			buildSettings = {
				ASSETCATALOG_COMPILER_APPICON_NAME = AppIcon;
				INFOPLIST_FILE = SwiftSearchMap/Info.plist;
				LD_RUNPATH_SEARCH_PATHS = "$(inherited) @executable_path/Frameworks";
				PRODUCT_NAME = "$(TARGET_NAME)";
			};
			name = Release;
		};
		8CDA08F21AF3541E005D90D6 /* Debug */ = {
			isa = XCBuildConfiguration;
			buildSettings = {
				BUNDLE_LOADER = "$(TEST_HOST)";
				FRAMEWORK_SEARCH_PATHS = (
					"$(SDKROOT)/Developer/Library/Frameworks",
					"$(inherited)",
				);
				GCC_PREPROCESSOR_DEFINITIONS = (
					"DEBUG=1",
					"$(inherited)",
				);
				INFOPLIST_FILE = SwiftSearchMapTests/Info.plist;
				LD_RUNPATH_SEARCH_PATHS = "$(inherited) @executable_path/Frameworks @loader_path/Frameworks";
				PRODUCT_NAME = "$(TARGET_NAME)";
				TEST_HOST = "$(BUILT_PRODUCTS_DIR)/SwiftSearchMap.app/SwiftSearchMap";
			};
			name = Debug;
		};
		8CDA08F31AF3541E005D90D6 /* Release */ = {
			isa = XCBuildConfiguration;
			buildSettings = {
				BUNDLE_LOADER = "$(TEST_HOST)";
				FRAMEWORK_SEARCH_PATHS = (
					"$(SDKROOT)/Developer/Library/Frameworks",
					"$(inherited)",
				);
				INFOPLIST_FILE = SwiftSearchMapTests/Info.plist;
				LD_RUNPATH_SEARCH_PATHS = "$(inherited) @executable_path/Frameworks @loader_path/Frameworks";
				PRODUCT_NAME = "$(TARGET_NAME)";
				TEST_HOST = "$(BUILT_PRODUCTS_DIR)/SwiftSearchMap.app/SwiftSearchMap";
			};
			name = Release;
		};
/* End XCBuildConfiguration section */

/* Begin XCConfigurationList section */
		8CDA08CA1AF3541E005D90D6 /* Build configuration list for PBXProject "SwiftSearchMap" */ = {
			isa = XCConfigurationList;
			buildConfigurations = (
				8CDA08EC1AF3541E005D90D6 /* Debug */,
				8CDA08ED1AF3541E005D90D6 /* Release */,
			);
			defaultConfigurationIsVisible = 0;
			defaultConfigurationName = Release;
		};
		8CDA08EE1AF3541E005D90D6 /* Build configuration list for PBXNativeTarget "SwiftSearchMap" */ = {
			isa = XCConfigurationList;
			buildConfigurations = (
				8CDA08EF1AF3541E005D90D6 /* Debug */,
				8CDA08F01AF3541E005D90D6 /* Release */,
			);
			defaultConfigurationIsVisible = 0;
		};
		8CDA08F11AF3541E005D90D6 /* Build configuration list for PBXNativeTarget "SwiftSearchMapTests" */ = {
			isa = XCConfigurationList;
			buildConfigurations = (
				8CDA08F21AF3541E005D90D6 /* Debug */,
				8CDA08F31AF3541E005D90D6 /* Release */,
			);
			defaultConfigurationIsVisible = 0;
		};
/* End XCConfigurationList section */
	};
	rootObject = 8CDA08C71AF3541E005D90D6 /* Project object */;
}
